
Microsoft Visual Studio Solution File, Format Version 12.00
# Visual Studio Version 17
VisualStudioVersion = 17.8.34511.84
MinimumVisualStudioVersion = 10.0.40219.1
Project("{9A19103F-16F7-4668-BE54-9A1E7A4F7556}") = "TemperatureApp", "TemperatureApp\TemperatureApp.csproj", "{E96F1DC7-5787-479D-801C-915B3C3D96A3}"
EndProject
Global
	GlobalSection(SolutionConfigurationPlatforms) = preSolution
		Debug|Any CPU = Debug|Any CPU
		Release|Any CPU = Release|Any CPU
	EndGlobalSection
	GlobalSection(ProjectConfigurationPlatforms) = postSolution
		{E96F1DC7-5787-479D-801C-915B3C3D96A3}.Debug|Any CPU.ActiveCfg = Debug|Any CPU
		{E96F1DC7-5787-479D-801C-915B3C3D96A3}.Debug|Any CPU.Build.0 = Debug|Any CPU
		{E96F1DC7-5787-479D-801C-915B3C3D96A3}.Release|Any CPU.ActiveCfg = Release|Any CPU
		{E96F1DC7-5787-479D-801C-915B3C3D96A3}.Release|Any CPU.Build.0 = Release|Any CPU
	EndGlobalSection
	GlobalSection(SolutionProperties) = preSolution
		HideSolutionNode = FALSE
	EndGlobalSection
	GlobalSection(ExtensibilityGlobals) = postSolution
		SolutionGuid = {7DCB0C67-08E4-4B9D-99F6-38FCFB106880}
	EndGlobalSection
EndGlobal
